// !$*UTF8*$!
{
	archiveVersion = 1;
	classes = {
	};
	objectVersion = 48;
	objects = {

/* Begin PBXBuildFile section */
		1B0D9B361F0A894800DDCC30 /* AppDelegate.swift in Sources */ = {isa = PBXBuildFile; fileRef = 1B0D9B351F0A894800DDCC30 /* AppDelegate.swift */; };
		1B0D9B381F0A894800DDCC30 /* ViewController.swift in Sources */ = {isa = PBXBuildFile; fileRef = 1B0D9B371F0A894800DDCC30 /* ViewController.swift */; };
		1B0D9B3B1F0A894800DDCC30 /* Main.storyboard in Resources */ = {isa = PBXBuildFile; fileRef = 1B0D9B391F0A894800DDCC30 /* Main.storyboard */; };
		1B0D9B3D1F0A894800DDCC30 /* Assets.xcassets in Resources */ = {isa = PBXBuildFile; fileRef = 1B0D9B3C1F0A894800DDCC30 /* Assets.xcassets */; };
		1B0D9B401F0A894800DDCC30 /* LaunchScreen.storyboard in Resources */ = {isa = PBXBuildFile; fileRef = 1B0D9B3E1F0A894800DDCC30 /* LaunchScreen.storyboard */; };
		1B0D9B4B1F0A894800DDCC30 /* ARKit_GameTests.swift in Sources */ = {isa = PBXBuildFile; fileRef = 1B0D9B4A1F0A894800DDCC30 /* ARKit_GameTests.swift */; };
/* End PBXBuildFile section */

/* Begin PBXContainerItemProxy section */
		1B0D9B471F0A894800DDCC30 /* PBXContainerItemProxy */ = {
			isa = PBXContainerItemProxy;
			containerPortal = 1B0D9B2A1F0A894800DDCC30 /* Project object */;
			proxyType = 1;
			remoteGlobalIDString = 1B0D9B311F0A894800DDCC30;
			remoteInfo = "ARKit Game";
		};
/* End PBXContainerItemProxy section */

/* Begin PBXFileReference section */
		1B0D9B321F0A894800DDCC30 /* ARKit Game.app */ = {isa = PBXFileReference; explicitFileType = wrapper.application; includeInIndex = 0; path = "ARKit Game.app"; sourceTree = BUILT_PRODUCTS_DIR; };
		1B0D9B351F0A894800DDCC30 /* AppDelegate.swift */ = {isa = PBXFileReference; lastKnownFileType = sourcecode.swift; path = AppDelegate.swift; sourceTree = "<group>"; };
		1B0D9B371F0A894800DDCC30 /* ViewController.swift */ = {isa = PBXFileReference; lastKnownFileType = sourcecode.swift; path = ViewController.swift; sourceTree = "<group>"; };
		1B0D9B3A1F0A894800DDCC30 /* Base */ = {isa = PBXFileReference; lastKnownFileType = file.storyboard; name = Base; path = Base.lproj/Main.storyboard; sourceTree = "<group>"; };
		1B0D9B3C1F0A894800DDCC30 /* Assets.xcassets */ = {isa = PBXFileReference; lastKnownFileType = folder.assetcatalog; path = Assets.xcassets; sourceTree = "<group>"; };
		1B0D9B3F1F0A894800DDCC30 /* Base */ = {isa = PBXFileReference; lastKnownFileType = file.storyboard; name = Base; path = Base.lproj/LaunchScreen.storyboard; sourceTree = "<group>"; };
		1B0D9B411F0A894800DDCC30 /* Info.plist */ = {isa = PBXFileReference; lastKnownFileType = text.plist.xml; path = Info.plist; sourceTree = "<group>"; };
		1B0D9B461F0A894800DDCC30 /* ARKit GameTests.xctest */ = {isa = PBXFileReference; explicitFileType = wrapper.cfbundle; includeInIndex = 0; path = "ARKit GameTests.xctest"; sourceTree = BUILT_PRODUCTS_DIR; };
		1B0D9B4A1F0A894800DDCC30 /* ARKit_GameTests.swift */ = {isa = PBXFileReference; lastKnownFileType = sourcecode.swift; path = ARKit_GameTests.swift; sourceTree = "<group>"; };
		1B0D9B4C1F0A894800DDCC30 /* Info.plist */ = {isa = PBXFileReference; lastKnownFileType = text.plist.xml; path = Info.plist; sourceTree = "<group>"; };
/* End PBXFileReference section */

/* Begin PBXFrameworksBuildPhase section */
		1B0D9B2F1F0A894800DDCC30 /* Frameworks */ = {
			isa = PBXFrameworksBuildPhase;
			buildActionMask = 2147483647;
			files = (
			);
			runOnlyForDeploymentPostprocessing = 0;
		};
		1B0D9B431F0A894800DDCC30 /* Frameworks */ = {
			isa = PBXFrameworksBuildPhase;
			buildActionMask = 2147483647;
			files = (
			);
			runOnlyForDeploymentPostprocessing = 0;
		};
/* End PBXFrameworksBuildPhase section */

/* Begin PBXGroup section */
		1B0D9B291F0A894800DDCC30 = {
			isa = PBXGroup;
			children = (
				1B0D9B341F0A894800DDCC30 /* ARKit Game */,
				1B0D9B491F0A894800DDCC30 /* ARKit GameTests */,
				1B0D9B331F0A894800DDCC30 /* Products */,
			);
			sourceTree = "<group>";
		};
		1B0D9B331F0A894800DDCC30 /* Products */ = {
			isa = PBXGroup;
			children = (
				1B0D9B321F0A894800DDCC30 /* ARKit Game.app */,
				1B0D9B461F0A894800DDCC30 /* ARKit GameTests.xctest */,
			);
			name = Products;
			sourceTree = "<group>";
		};
		1B0D9B341F0A894800DDCC30 /* ARKit Game */ = {
			isa = PBXGroup;
			children = (
				1B0D9B351F0A894800DDCC30 /* AppDelegate.swift */,
				1B0D9B371F0A894800DDCC30 /* ViewController.swift */,
				1B0D9B391F0A894800DDCC30 /* Main.storyboard */,
				1B0D9B3C1F0A894800DDCC30 /* Assets.xcassets */,
				1B0D9B3E1F0A894800DDCC30 /* LaunchScreen.storyboard */,
				1B0D9B411F0A894800DDCC30 /* Info.plist */,
			);
			path = "ARKit Game";
			sourceTree = "<group>";
		};
		1B0D9B491F0A894800DDCC30 /* ARKit GameTests */ = {
			isa = PBXGroup;
			children = (
				1B0D9B4A1F0A894800DDCC30 /* ARKit_GameTests.swift */,
				1B0D9B4C1F0A894800DDCC30 /* Info.plist */,
			);
			path = "ARKit GameTests";
			sourceTree = "<group>";
		};
/* End PBXGroup section */

/* Begin PBXNativeTarget section */
		1B0D9B311F0A894800DDCC30 /* ARKit Game */ = {
			isa = PBXNativeTarget;
			buildConfigurationList = 1B0D9B4F1F0A894800DDCC30 /* Build configuration list for PBXNativeTarget "ARKit Game" */;
			buildPhases = (
				1B0D9B2E1F0A894800DDCC30 /* Sources */,
				1B0D9B2F1F0A894800DDCC30 /* Frameworks */,
				1B0D9B301F0A894800DDCC30 /* Resources */,
			);
			buildRules = (
			);
			dependencies = (
			);
			name = "ARKit Game";
			productName = "ARKit Game";
			productReference = 1B0D9B321F0A894800DDCC30 /* ARKit Game.app */;
			productType = "com.apple.product-type.application";
		};
		1B0D9B451F0A894800DDCC30 /* ARKit GameTests */ = {
			isa = PBXNativeTarget;
			buildConfigurationList = 1B0D9B521F0A894800DDCC30 /* Build configuration list for PBXNativeTarget "ARKit GameTests" */;
			buildPhases = (
				1B0D9B421F0A894800DDCC30 /* Sources */,
				1B0D9B431F0A894800DDCC30 /* Frameworks */,
				1B0D9B441F0A894800DDCC30 /* Resources */,
			);
			buildRules = (
			);
			dependencies = (
				1B0D9B481F0A894800DDCC30 /* PBXTargetDependency */,
			);
			name = "ARKit GameTests";
			productName = "ARKit GameTests";
			productReference = 1B0D9B461F0A894800DDCC30 /* ARKit GameTests.xctest */;
			productType = "com.apple.product-type.bundle.unit-test";
		};
/* End PBXNativeTarget section */

/* Begin PBXProject section */
		1B0D9B2A1F0A894800DDCC30 /* Project object */ = {
			isa = PBXProject;
			attributes = {
				LastSwiftUpdateCheck = 0900;
				LastUpgradeCheck = 0900;
				ORGANIZATIONNAME = AnjDenny;
				TargetAttributes = {
					1B0D9B311F0A894800DDCC30 = {
						CreatedOnToolsVersion = 9.0;
					};
					1B0D9B451F0A894800DDCC30 = {
						CreatedOnToolsVersion = 9.0;
						TestTargetID = 1B0D9B311F0A894800DDCC30;
					};
				};
			};
			buildConfigurationList = 1B0D9B2D1F0A894800DDCC30 /* Build configuration list for PBXProject "ARKit Game" */;
			compatibilityVersion = "Xcode 8.0";
			developmentRegion = en;
			hasScannedForEncodings = 0;
			knownRegions = (
				en,
				Base,
			);
			mainGroup = 1B0D9B291F0A894800DDCC30;
			productRefGroup = 1B0D9B331F0A894800DDCC30 /* Products */;
			projectDirPath = "";
			projectRoot = "";
			targets = (
				1B0D9B311F0A894800DDCC30 /* ARKit Game */,
				1B0D9B451F0A894800DDCC30 /* ARKit GameTests */,
			);
		};
/* End PBXProject section */

/* Begin PBXResourcesBuildPhase section */
		1B0D9B301F0A894800DDCC30 /* Resources */ = {
			isa = PBXResourcesBuildPhase;
			buildActionMask = 2147483647;
			files = (
				1B0D9B401F0A894800DDCC30 /* LaunchScreen.storyboard in Resources */,
				1B0D9B3D1F0A894800DDCC30 /* Assets.xcassets in Resources */,
				1B0D9B3B1F0A894800DDCC30 /* Main.storyboard in Resources */,
			);
			runOnlyForDeploymentPostprocessing = 0;
		};
		1B0D9B441F0A894800DDCC30 /* Resources */ = {
			isa = PBXResourcesBuildPhase;
			buildActionMask = 2147483647;
			files = (
			);
			runOnlyForDeploymentPostprocessing = 0;
		};
/* End PBXResourcesBuildPhase section */

/* Begin PBXSourcesBuildPhase section */
		1B0D9B2E1F0A894800DDCC30 /* Sources */ = {
			isa = PBXSourcesBuildPhase;
			buildActionMask = 2147483647;
			files = (
				1B0D9B381F0A894800DDCC30 /* ViewController.swift in Sources */,
				1B0D9B361F0A894800DDCC30 /* AppDelegate.swift in Sources */,
			);
			runOnlyForDeploymentPostprocessing = 0;
		};
		1B0D9B421F0A894800DDCC30 /* Sources */ = {
			isa = PBXSourcesBuildPhase;
			buildActionMask = 2147483647;
			files = (
				1B0D9B4B1F0A894800DDCC30 /* ARKit_GameTests.swift in Sources */,
			);
			runOnlyForDeploymentPostprocessing = 0;
		};
/* End PBXSourcesBuildPhase section */

/* Begin PBXTargetDependency section */
		1B0D9B481F0A894800DDCC30 /* PBXTargetDependency */ = {
			isa = PBXTargetDependency;
			target = 1B0D9B311F0A894800DDCC30 /* ARKit Game */;
			targetProxy = 1B0D9B471F0A894800DDCC30 /* PBXContainerItemProxy */;
		};
/* End PBXTargetDependency section */

/* Begin PBXVariantGroup section */
		1B0D9B391F0A894800DDCC30 /* Main.storyboard */ = {
			isa = PBXVariantGroup;
			children = (
				1B0D9B3A1F0A894800DDCC30 /* Base */,
			);
			name = Main.storyboard;
			sourceTree = "<group>";
		};
		1B0D9B3E1F0A894800DDCC30 /* LaunchScreen.storyboard */ = {
			isa = PBXVariantGroup;
			children = (
				1B0D9B3F1F0A894800DDCC30 /* Base */,
			);
			name = LaunchScreen.storyboard;
			sourceTree = "<group>";
		};
/* End PBXVariantGroup section */

/* Begin XCBuildConfiguration section */
		1B0D9B4D1F0A894800DDCC30 /* Debug */ = {
			isa = XCBuildConfiguration;
			buildSettings = {
				ALWAYS_SEARCH_USER_PATHS = NO;
				CLANG_ANALYZER_NONNULL = YES;
				CLANG_ANALYZER_NUMBER_OBJECT_CONVERSION = YES_AGGRESSIVE;
				CLANG_CXX_LANGUAGE_STANDARD = "gnu++14";
				CLANG_CXX_LIBRARY = "libc++";
				CLANG_ENABLE_MODULES = YES;
				CLANG_ENABLE_OBJC_ARC = YES;
				CLANG_WARN_BLOCK_CAPTURE_AUTORELEASING = YES;
				CLANG_WARN_BOOL_CONVERSION = YES;
				CLANG_WARN_COMMA = YES;
				CLANG_WARN_CONSTANT_CONVERSION = YES;
				CLANG_WARN_DIRECT_OBJC_ISA_USAGE = YES_ERROR;
				CLANG_WARN_DOCUMENTATION_COMMENTS = YES;
				CLANG_WARN_EMPTY_BODY = YES;
				CLANG_WARN_ENUM_CONVERSION = YES;
				CLANG_WARN_INFINITE_RECURSION = YES;
				CLANG_WARN_INT_CONVERSION = YES;
				CLANG_WARN_OBJC_ROOT_CLASS = YES_ERROR;
				CLANG_WARN_RANGE_LOOP_ANALYSIS = YES;
				CLANG_WARN_STRICT_PROTOTYPES = YES;
				CLANG_WARN_SUSPICIOUS_MOVE = YES;
				CLANG_WARN_UNGUARDED_AVAILABILITY = YES_AGGRESSIVE;
				CLANG_WARN_UNREACHABLE_CODE = YES;
				CLANG_WARN__DUPLICATE_METHOD_MATCH = YES;
				CODE_SIGN_IDENTITY = "iPhone Developer";
				COPY_PHASE_STRIP = NO;
				DEBUG_INFORMATION_FORMAT = dwarf;
				ENABLE_STRICT_OBJC_MSGSEND = YES;
				ENABLE_TESTABILITY = YES;
				GCC_C_LANGUAGE_STANDARD = gnu11;
				GCC_DYNAMIC_NO_PIC = NO;
				GCC_NO_COMMON_BLOCKS = YES;
				GCC_OPTIMIZATION_LEVEL = 0;
				GCC_PREPROCESSOR_DEFINITIONS = (
					"DEBUG=1",
					"$(inherited)",
				);
				GCC_WARN_64_TO_32_BIT_CONVERSION = YES;
				GCC_WARN_ABOUT_RETURN_TYPE = YES_ERROR;
				GCC_WARN_UNDECLARED_SELECTOR = YES;
				GCC_WARN_UNINITIALIZED_AUTOS = YES_AGGRESSIVE;
				GCC_WARN_UNUSED_FUNCTION = YES;
				GCC_WARN_UNUSED_VARIABLE = YES;
				IPHONEOS_DEPLOYMENT_TARGET = 11.0;
				MTL_ENABLE_DEBUG_INFO = YES;
				ONLY_ACTIVE_ARCH = YES;
				SDKROOT = iphoneos;
				SWIFT_ACTIVE_COMPILATION_CONDITIONS = DEBUG;
				SWIFT_OPTIMIZATION_LEVEL = "-Onone";
			};
			name = Debug;
		};
		1B0D9B4E1F0A894800DDCC30 /* Release */ = {
			isa = XCBuildConfiguration;
			buildSettings = {
				ALWAYS_SEARCH_USER_PATHS = NO;
				CLANG_ANALYZER_NONNULL = YES;
				CLANG_ANALYZER_NUMBER_OBJECT_CONVERSION = YES_AGGRESSIVE;
				CLANG_CXX_LANGUAGE_STANDARD = "gnu++14";
				CLANG_CXX_LIBRARY = "libc++";
				CLANG_ENABLE_MODULES = YES;
				CLANG_ENABLE_OBJC_ARC = YES;
				CLANG_WARN_BLOCK_CAPTURE_AUTORELEASING = YES;
				CLANG_WARN_BOOL_CONVERSION = YES;
				CLANG_WARN_COMMA = YES;
				CLANG_WARN_CONSTANT_CONVERSION = YES;
				CLANG_WARN_DIRECT_OBJC_ISA_USAGE = YES_ERROR;
				CLANG_WARN_DOCUMENTATION_COMMENTS = YES;
				CLANG_WARN_EMPTY_BODY = YES;
				CLANG_WARN_ENUM_CONVERSION = YES;
				CLANG_WARN_INFINITE_RECURSION = YES;
				CLANG_WARN_INT_CONVERSION = YES;
				CLANG_WARN_OBJC_ROOT_CLASS = YES_ERROR;
				CLANG_WARN_RANGE_LOOP_ANALYSIS = YES;
				CLANG_WARN_STRICT_PROTOTYPES = YES;
				CLANG_WARN_SUSPICIOUS_MOVE = YES;
				CLANG_WARN_UNGUARDED_AVAILABILITY = YES_AGGRESSIVE;
				CLANG_WARN_UNREACHABLE_CODE = YES;
				CLANG_WARN__DUPLICATE_METHOD_MATCH = YES;
				CODE_SIGN_IDENTITY = "iPhone Developer";
				COPY_PHASE_STRIP = NO;
				DEBUG_INFORMATION_FORMAT = "dwarf-with-dsym";
				ENABLE_NS_ASSERTIONS = NO;
				ENABLE_STRICT_OBJC_MSGSEND = YES;
				GCC_C_LANGUAGE_STANDARD = gnu11;
				GCC_NO_COMMON_BLOCKS = YES;
				GCC_WARN_64_TO_32_BIT_CONVERSION = YES;
				GCC_WARN_ABOUT_RETURN_TYPE = YES_ERROR;
				GCC_WARN_UNDECLARED_SELECTOR = YES;
				GCC_WARN_UNINITIALIZED_AUTOS = YES_AGGRESSIVE;
				GCC_WARN_UNUSED_FUNCTION = YES;
				GCC_WARN_UNUSED_VARIABLE = YES;
				IPHONEOS_DEPLOYMENT_TARGET = 11.0;
				MTL_ENABLE_DEBUG_INFO = NO;
				SDKROOT = iphoneos;
				SWIFT_OPTIMIZATION_LEVEL = "-Owholemodule";
				VALIDATE_PRODUCT = YES;
			};
			name = Release;
		};
		1B0D9B501F0A894800DDCC30 /* Debug */ = {
			isa = XCBuildConfiguration;
			buildSettings = {
				ASSETCATALOG_COMPILER_APPICON_NAME = AppIcon;
				DEVELOPMENT_TEAM = PR4YM2TJJW;
				INFOPLIST_FILE = "ARKit Game/Info.plist";
				LD_RUNPATH_SEARCH_PATHS = "$(inherited) @executable_path/Frameworks";
				PRODUCT_BUNDLE_IDENTIFIER = "com.AnjDenny.ARKit-Game";
				PRODUCT_NAME = "$(TARGET_NAME)";
				SWIFT_VERSION = 4.0;
				TARGETED_DEVICE_FAMILY = "1,2";
			};
			name = Debug;
		};
		1B0D9B511F0A894800DDCC30 /* Release */ = {
			isa = XCBuildConfiguration;
			buildSettings = {
				ASSETCATALOG_COMPILER_APPICON_NAME = AppIcon;
				DEVELOPMENT_TEAM = PR4YM2TJJW;
				INFOPLIST_FILE = "ARKit Game/Info.plist";
				LD_RUNPATH_SEARCH_PATHS = "$(inherited) @executable_path/Frameworks";
				PRODUCT_BUNDLE_IDENTIFIER = "com.AnjDenny.ARKit-Game";
				PRODUCT_NAME = "$(TARGET_NAME)";
				SWIFT_VERSION = 4.0;
				TARGETED_DEVICE_FAMILY = "1,2";
			};
			name = Release;
		};
		1B0D9B531F0A894800DDCC30 /* Debug */ = {
			isa = XCBuildConfiguration;
			buildSettings = {
				ALWAYS_EMBED_SWIFT_STANDARD_LIBRARIES = YES;
				BUNDLE_LOADER = "$(TEST_HOST)";
				DEVELOPMENT_TEAM = PR4YM2TJJW;
				INFOPLIST_FILE = "ARKit GameTests/Info.plist";
				LD_RUNPATH_SEARCH_PATHS = "$(inherited) @executable_path/Frameworks @loader_path/Frameworks";
				PRODUCT_BUNDLE_IDENTIFIER = "com.AnjDenny.ARKit-GameTests";
				PRODUCT_NAME = "$(TARGET_NAME)";
				SWIFT_VERSION = 4.0;
				TARGETED_DEVICE_FAMILY = "1,2";
				TEST_HOST = "$(BUILT_PRODUCTS_DIR)/ARKit Game.app/ARKit Game";
			};
			name = Debug;
		};
		1B0D9B541F0A894800DDCC30 /* Release */ = {
			isa = XCBuildConfiguration;
			buildSettings = {
				ALWAYS_EMBED_SWIFT_STANDARD_LIBRARIES = YES;
				BUNDLE_LOADER = "$(TEST_HOST)";
				DEVELOPMENT_TEAM = PR4YM2TJJW;
				INFOPLIST_FILE = "ARKit GameTests/Info.plist";
				LD_RUNPATH_SEARCH_PATHS = "$(inherited) @executable_path/Frameworks @loader_path/Frameworks";
				PRODUCT_BUNDLE_IDENTIFIER = "com.AnjDenny.ARKit-GameTests";
				PRODUCT_NAME = "$(TARGET_NAME)";
				SWIFT_VERSION = 4.0;
				TARGETED_DEVICE_FAMILY = "1,2";
				TEST_HOST = "$(BUILT_PRODUCTS_DIR)/ARKit Game.app/ARKit Game";
			};
			name = Release;
		};
/* End XCBuildConfiguration section */

/* Begin XCConfigurationList section */
		1B0D9B2D1F0A894800DDCC30 /* Build configuration list for PBXProject "ARKit Game" */ = {
			isa = XCConfigurationList;
			buildConfigurations = (
				1B0D9B4D1F0A894800DDCC30 /* Debug */,
				1B0D9B4E1F0A894800DDCC30 /* Release */,
			);
			defaultConfigurationIsVisible = 0;
			defaultConfigurationName = Release;
		};
		1B0D9B4F1F0A894800DDCC30 /* Build configuration list for PBXNativeTarget "ARKit Game" */ = {
			isa = XCConfigurationList;
			buildConfigurations = (
				1B0D9B501F0A894800DDCC30 /* Debug */,
				1B0D9B511F0A894800DDCC30 /* Release */,
			);
			defaultConfigurationIsVisible = 0;
		};
		1B0D9B521F0A894800DDCC30 /* Build configuration list for PBXNativeTarget "ARKit GameTests" */ = {
			isa = XCConfigurationList;
			buildConfigurations = (
				1B0D9B531F0A894800DDCC30 /* Debug */,
				1B0D9B541F0A894800DDCC30 /* Release */,
			);
			defaultConfigurationIsVisible = 0;
		};
/* End XCConfigurationList section */
	};
	rootObject = 1B0D9B2A1F0A894800DDCC30 /* Project object */;
}
